
Microsoft Visual Studio Solution File, Format Version 12.00
# Visual Studio 15
VisualStudioVersion = 15.0.27703.2042
MinimumVisualStudioVersion = 10.0.40219.1
Project("{FAE04EC0-301F-11D3-BF4B-00C04F79EFBC}") = "FriendOrganizer.UI", "FriendOrganizer.UI\FriendOrganizer.UI.csproj", "{3277C294-A649-4777-8902-ACFB64CA7C7F}"
EndProject
Project("{FAE04EC0-301F-11D3-BF4B-00C04F79EFBC}") = "FriendOrganizer.DataAccess", "FriendOrganizer.DataAccess\FriendOrganizer.DataAccess.csproj", "{EDB4BD51-DF08-4B09-807B-CCAA3D1991FD}"
EndProject
Project("{FAE04EC0-301F-11D3-BF4B-00C04F79EFBC}") = "FriendOrganizer.Model", "FriendOrganizer.Model\FriendOrganizer.Model.csproj", "{5C34B5E9-8B5B-431F-B115-BA03CD372F3A}"
EndProject
Global
	GlobalSection(SolutionConfigurationPlatforms) = preSolution
		Debug|Any CPU = Debug|Any CPU
		Release|Any CPU = Release|Any CPU
	EndGlobalSection
	GlobalSection(ProjectConfigurationPlatforms) = postSolution
		{3277C294-A649-4777-8902-ACFB64CA7C7F}.Debug|Any CPU.ActiveCfg = Debug|Any CPU
		{3277C294-A649-4777-8902-ACFB64CA7C7F}.Debug|Any CPU.Build.0 = Debug|Any CPU
		{3277C294-A649-4777-8902-ACFB64CA7C7F}.Release|Any CPU.ActiveCfg = Release|Any CPU
		{3277C294-A649-4777-8902-ACFB64CA7C7F}.Release|Any CPU.Build.0 = Release|Any CPU
		{EDB4BD51-DF08-4B09-807B-CCAA3D1991FD}.Debug|Any CPU.ActiveCfg = Debug|Any CPU
		{EDB4BD51-DF08-4B09-807B-CCAA3D1991FD}.Debug|Any CPU.Build.0 = Debug|Any CPU
		{EDB4BD51-DF08-4B09-807B-CCAA3D1991FD}.Release|Any CPU.ActiveCfg = Release|Any CPU
		{EDB4BD51-DF08-4B09-807B-CCAA3D1991FD}.Release|Any CPU.Build.0 = Release|Any CPU
		{5C34B5E9-8B5B-431F-B115-BA03CD372F3A}.Debug|Any CPU.ActiveCfg = Debug|Any CPU
		{5C34B5E9-8B5B-431F-B115-BA03CD372F3A}.Debug|Any CPU.Build.0 = Debug|Any CPU
		{5C34B5E9-8B5B-431F-B115-BA03CD372F3A}.Release|Any CPU.ActiveCfg = Release|Any CPU
		{5C34B5E9-8B5B-431F-B115-BA03CD372F3A}.Release|Any CPU.Build.0 = Release|Any CPU
	EndGlobalSection
	GlobalSection(SolutionProperties) = preSolution
		HideSolutionNode = FALSE
	EndGlobalSection
	GlobalSection(ExtensibilityGlobals) = postSolution
		SolutionGuid = {32914B75-6B71-446C-B5FC-3DA9F9BC2FD9}
	EndGlobalSection
EndGlobal
